
Microsoft Visual Studio Solution File, Format Version 12.00
# Visual Studio Version 17
VisualStudioVersion = 17.3.32929.385
MinimumVisualStudioVersion = 10.0.40219.1
Project("{FAE04EC0-301F-11D3-BF4B-00C04F79EFBC}") = "SerializationPlay", "SerializationPlay\SerializationPlay.csproj", "{36A4CB3A-425C-488A-BF8C-E1C26D7B6B21}"
EndProject
Global
	GlobalSection(SolutionConfigurationPlatforms) = preSolution
		Debug|Any CPU = Debug|Any CPU
		Release|Any CPU = Release|Any CPU
	EndGlobalSection
	GlobalSection(ProjectConfigurationPlatforms) = postSolution
		{36A4CB3A-425C-488A-BF8C-E1C26D7B6B21}.Debug|Any CPU.ActiveCfg = Debug|Any CPU
		{36A4CB3A-425C-488A-BF8C-E1C26D7B6B21}.Debug|Any CPU.Build.0 = Debug|Any CPU
		{36A4CB3A-425C-488A-BF8C-E1C26D7B6B21}.Release|Any CPU.ActiveCfg = Release|Any CPU
		{36A4CB3A-425C-488A-BF8C-E1C26D7B6B21}.Release|Any CPU.Build.0 = Release|Any CPU
	EndGlobalSection
	GlobalSection(SolutionProperties) = preSolution
		HideSolutionNode = FALSE
	EndGlobalSection
	GlobalSection(ExtensibilityGlobals) = postSolution
		SolutionGuid = {CD9B7435-25BC-45FC-B273-082655FCB7FA}
	EndGlobalSection
EndGlobal
